// !$*UTF8*$!
{
	archiveVersion = 1;
	classes = {
	};
	objectVersion = 54;
	objects = {

/* Begin PBXBuildFile section */
		AA18066A27D3B1E600D8D916 /* SkillsViewModel.swift in Sources */ = {isa = PBXBuildFile; fileRef = AA18066927D3B1E600D8D916 /* SkillsViewModel.swift */; };
		AA3321502700C42F004EC344 /* EmploymentViewModel.swift in Sources */ = {isa = PBXBuildFile; fileRef = AA33214F2700C42F004EC344 /* EmploymentViewModel.swift */; };
		AA518F3D26F7373600A13DC3 /* Launch Screen.storyboard in Resources */ = {isa = PBXBuildFile; fileRef = AA518F3C26F7373600A13DC3 /* Launch Screen.storyboard */; };
		AA57A8A5270750340005A3B6 /* Localizable.strings in Resources */ = {isa = PBXBuildFile; fileRef = AA57A8A7270750340005A3B6 /* Localizable.strings */; };
		AA57A8AF270888140005A3B6 /* AppDelegate.swift in Sources */ = {isa = PBXBuildFile; fileRef = AA57A8AE270888140005A3B6 /* AppDelegate.swift */; };
		AA57A8B1270892C90005A3B6 /* DebugView.swift in Sources */ = {isa = PBXBuildFile; fileRef = AA57A8B0270892C90005A3B6 /* DebugView.swift */; };
		AA6D01D026F7912100C6DC64 /* CurriculumVitaeApp.swift in Sources */ = {isa = PBXBuildFile; fileRef = AA6D01CF26F7912100C6DC64 /* CurriculumVitaeApp.swift */; };
		AAA74081270B191700EE5B1D /* EmploymentDetailsPage.swift in Sources */ = {isa = PBXBuildFile; fileRef = AAA74080270B191700EE5B1D /* EmploymentDetailsPage.swift */; };
		AAA74083270B273800EE5B1D /* ErrorView.swift in Sources */ = {isa = PBXBuildFile; fileRef = AAA74082270B273800EE5B1D /* ErrorView.swift */; };
		AAA9774926F61A0F009B60D7 /* ContentView.swift in Sources */ = {isa = PBXBuildFile; fileRef = AAA9774826F61A0F009B60D7 /* ContentView.swift */; };
		AAA9774B26F61A18009B60D7 /* Assets.xcassets in Resources */ = {isa = PBXBuildFile; fileRef = AAA9774A26F61A18009B60D7 /* Assets.xcassets */; };
		AAA9774E26F61A18009B60D7 /* Preview Assets.xcassets in Resources */ = {isa = PBXBuildFile; fileRef = AAA9774D26F61A18009B60D7 /* Preview Assets.xcassets */; };
		AAA9775926F61A18009B60D7 /* CurriculumVitaeTests.swift in Sources */ = {isa = PBXBuildFile; fileRef = AAA9775826F61A18009B60D7 /* CurriculumVitaeTests.swift */; };
		AAA9776426F61A18009B60D7 /* CurriculumVitaeUITests.swift in Sources */ = {isa = PBXBuildFile; fileRef = AAA9776326F61A18009B60D7 /* CurriculumVitaeUITests.swift */; };
		AAA977E326F62F43009B60D7 /* ProfileViewModel.swift in Sources */ = {isa = PBXBuildFile; fileRef = AAA977E226F62F43009B60D7 /* ProfileViewModel.swift */; };
		AAA977F126F640EC009B60D7 /* ProfilePage.swift in Sources */ = {isa = PBXBuildFile; fileRef = AAA977F026F640EC009B60D7 /* ProfilePage.swift */; };
		AAA977F826F64178009B60D7 /* EmploymentPage.swift in Sources */ = {isa = PBXBuildFile; fileRef = AAA977F726F64178009B60D7 /* EmploymentPage.swift */; };
		AAA9780126F64203009B60D7 /* SkillsPage.swift in Sources */ = {isa = PBXBuildFile; fileRef = AAA9780026F64203009B60D7 /* SkillsPage.swift */; };
		AAA9780926F64880009B60D7 /* InfoPage.swift in Sources */ = {isa = PBXBuildFile; fileRef = AAA9780826F64880009B60D7 /* InfoPage.swift */; };
/* End PBXBuildFile section */

/* Begin PBXContainerItemProxy section */
		AAA9775526F61A18009B60D7 /* PBXContainerItemProxy */ = {
			isa = PBXContainerItemProxy;
			containerPortal = AAA9773B26F61A0F009B60D7 /* Project object */;
			proxyType = 1;
			remoteGlobalIDString = AAA9774226F61A0F009B60D7;
			remoteInfo = CurriculumVitae;
		};
		AAA9776026F61A18009B60D7 /* PBXContainerItemProxy */ = {
			isa = PBXContainerItemProxy;
			containerPortal = AAA9773B26F61A0F009B60D7 /* Project object */;
			proxyType = 1;
			remoteGlobalIDString = AAA9774226F61A0F009B60D7;
			remoteInfo = CurriculumVitae;
		};
/* End PBXContainerItemProxy section */

/* Begin PBXFileReference section */
		AA18066927D3B1E600D8D916 /* SkillsViewModel.swift */ = {isa = PBXFileReference; lastKnownFileType = sourcecode.swift; path = SkillsViewModel.swift; sourceTree = "<group>"; };
		AA33214F2700C42F004EC344 /* EmploymentViewModel.swift */ = {isa = PBXFileReference; lastKnownFileType = sourcecode.swift; path = EmploymentViewModel.swift; sourceTree = "<group>"; };
		AA518F3C26F7373600A13DC3 /* Launch Screen.storyboard */ = {isa = PBXFileReference; fileEncoding = 4; lastKnownFileType = file.storyboard; path = "Launch Screen.storyboard"; sourceTree = "<group>"; };
		AA57A8A6270750340005A3B6 /* de */ = {isa = PBXFileReference; lastKnownFileType = text.plist.strings; name = de; path = de.lproj/Localizable.strings; sourceTree = "<group>"; };
		AA57A8AA270752D60005A3B6 /* Base */ = {isa = PBXFileReference; lastKnownFileType = text.plist.strings; name = Base; path = Base.lproj/Localizable.strings; sourceTree = "<group>"; };
		AA57A8AE270888140005A3B6 /* AppDelegate.swift */ = {isa = PBXFileReference; lastKnownFileType = sourcecode.swift; path = AppDelegate.swift; sourceTree = "<group>"; };
		AA57A8B0270892C90005A3B6 /* DebugView.swift */ = {isa = PBXFileReference; lastKnownFileType = sourcecode.swift; path = DebugView.swift; sourceTree = "<group>"; };
		AA6D01CF26F7912100C6DC64 /* CurriculumVitaeApp.swift */ = {isa = PBXFileReference; fileEncoding = 4; lastKnownFileType = sourcecode.swift; path = CurriculumVitaeApp.swift; sourceTree = "<group>"; };
		AAA74080270B191700EE5B1D /* EmploymentDetailsPage.swift */ = {isa = PBXFileReference; lastKnownFileType = sourcecode.swift; path = EmploymentDetailsPage.swift; sourceTree = "<group>"; };
		AAA74082270B273800EE5B1D /* ErrorView.swift */ = {isa = PBXFileReference; lastKnownFileType = sourcecode.swift; path = ErrorView.swift; sourceTree = "<group>"; };
		AAA9774326F61A0F009B60D7 /* CurriculumVitae.app */ = {isa = PBXFileReference; explicitFileType = wrapper.application; includeInIndex = 0; path = CurriculumVitae.app; sourceTree = BUILT_PRODUCTS_DIR; };
		AAA9774826F61A0F009B60D7 /* ContentView.swift */ = {isa = PBXFileReference; lastKnownFileType = sourcecode.swift; path = ContentView.swift; sourceTree = "<group>"; };
		AAA9774A26F61A18009B60D7 /* Assets.xcassets */ = {isa = PBXFileReference; lastKnownFileType = folder.assetcatalog; path = Assets.xcassets; sourceTree = "<group>"; };
		AAA9774D26F61A18009B60D7 /* Preview Assets.xcassets */ = {isa = PBXFileReference; lastKnownFileType = folder.assetcatalog; path = "Preview Assets.xcassets"; sourceTree = "<group>"; };
		AAA9774F26F61A18009B60D7 /* Info.plist */ = {isa = PBXFileReference; lastKnownFileType = text.plist.xml; path = Info.plist; sourceTree = "<group>"; };
		AAA9775426F61A18009B60D7 /* CurriculumVitaeTests.xctest */ = {isa = PBXFileReference; explicitFileType = wrapper.cfbundle; includeInIndex = 0; path = CurriculumVitaeTests.xctest; sourceTree = BUILT_PRODUCTS_DIR; };
		AAA9775826F61A18009B60D7 /* CurriculumVitaeTests.swift */ = {isa = PBXFileReference; lastKnownFileType = sourcecode.swift; path = CurriculumVitaeTests.swift; sourceTree = "<group>"; };
		AAA9775A26F61A18009B60D7 /* Info.plist */ = {isa = PBXFileReference; lastKnownFileType = text.plist.xml; path = Info.plist; sourceTree = "<group>"; };
		AAA9775F26F61A18009B60D7 /* CurriculumVitaeUITests.xctest */ = {isa = PBXFileReference; explicitFileType = wrapper.cfbundle; includeInIndex = 0; path = CurriculumVitaeUITests.xctest; sourceTree = BUILT_PRODUCTS_DIR; };
		AAA9776326F61A18009B60D7 /* CurriculumVitaeUITests.swift */ = {isa = PBXFileReference; lastKnownFileType = sourcecode.swift; path = CurriculumVitaeUITests.swift; sourceTree = "<group>"; };
		AAA9776526F61A18009B60D7 /* Info.plist */ = {isa = PBXFileReference; lastKnownFileType = text.plist.xml; path = Info.plist; sourceTree = "<group>"; };
		AAA977E226F62F43009B60D7 /* ProfileViewModel.swift */ = {isa = PBXFileReference; lastKnownFileType = sourcecode.swift; path = ProfileViewModel.swift; sourceTree = "<group>"; };
		AAA977F026F640EC009B60D7 /* ProfilePage.swift */ = {isa = PBXFileReference; lastKnownFileType = sourcecode.swift; path = ProfilePage.swift; sourceTree = "<group>"; };
		AAA977F726F64178009B60D7 /* EmploymentPage.swift */ = {isa = PBXFileReference; lastKnownFileType = sourcecode.swift; path = EmploymentPage.swift; sourceTree = "<group>"; };
		AAA9780026F64203009B60D7 /* SkillsPage.swift */ = {isa = PBXFileReference; lastKnownFileType = sourcecode.swift; path = SkillsPage.swift; sourceTree = "<group>"; };
		AAA9780826F64880009B60D7 /* InfoPage.swift */ = {isa = PBXFileReference; lastKnownFileType = sourcecode.swift; path = InfoPage.swift; sourceTree = "<group>"; };
/* End PBXFileReference section */

/* Begin PBXFrameworksBuildPhase section */
		AAA9774026F61A0F009B60D7 /* Frameworks */ = {
			isa = PBXFrameworksBuildPhase;
			buildActionMask = 2147483647;
			files = (
			);
			runOnlyForDeploymentPostprocessing = 0;
		};
		AAA9775126F61A18009B60D7 /* Frameworks */ = {
			isa = PBXFrameworksBuildPhase;
			buildActionMask = 2147483647;
			files = (
			);
			runOnlyForDeploymentPostprocessing = 0;
		};
		AAA9775C26F61A18009B60D7 /* Frameworks */ = {
			isa = PBXFrameworksBuildPhase;
			buildActionMask = 2147483647;
			files = (
			);
			runOnlyForDeploymentPostprocessing = 0;
		};
/* End PBXFrameworksBuildPhase section */

/* Begin PBXGroup section */
		AA5E5C8C26F7AC4800F9F2B2 /* Infra */ = {
			isa = PBXGroup;
			children = (
				AA57A8B0270892C90005A3B6 /* DebugView.swift */,
				AAA74082270B273800EE5B1D /* ErrorView.swift */,
			);
			path = Infra;
			sourceTree = "<group>";
		};
		AAA7407F270B18F300EE5B1D /* EmploymentDetails */ = {
			isa = PBXGroup;
			children = (
				AAA74080270B191700EE5B1D /* EmploymentDetailsPage.swift */,
			);
			path = EmploymentDetails;
			sourceTree = "<group>";
		};
		AAA9773A26F61A0F009B60D7 = {
			isa = PBXGroup;
			children = (
				AAA9774526F61A0F009B60D7 /* CurriculumVitae */,
				AAA9775726F61A18009B60D7 /* CurriculumVitaeTests */,
				AAA9776226F61A18009B60D7 /* CurriculumVitaeUITests */,
				AAA9774426F61A0F009B60D7 /* Products */,
			);
			sourceTree = "<group>";
			wrapsLines = 0;
		};
		AAA9774426F61A0F009B60D7 /* Products */ = {
			isa = PBXGroup;
			children = (
				AAA9774326F61A0F009B60D7 /* CurriculumVitae.app */,
				AAA9775426F61A18009B60D7 /* CurriculumVitaeTests.xctest */,
				AAA9775F26F61A18009B60D7 /* CurriculumVitaeUITests.xctest */,
			);
			name = Products;
			sourceTree = "<group>";
		};
		AAA9774526F61A0F009B60D7 /* CurriculumVitae */ = {
			isa = PBXGroup;
			children = (
				AA5E5C8C26F7AC4800F9F2B2 /* Infra */,
				AA57A8AE270888140005A3B6 /* AppDelegate.swift */,
				AA6D01CF26F7912100C6DC64 /* CurriculumVitaeApp.swift */,
				AAA9774826F61A0F009B60D7 /* ContentView.swift */,
				AAA9780826F64880009B60D7 /* InfoPage.swift */,
				AAA977F526F64116009B60D7 /* Profile */,
				AAA977FF26F641F6009B60D7 /* Skills */,
				AAA977F626F6415E009B60D7 /* Employment */,
				AAA9774A26F61A18009B60D7 /* Assets.xcassets */,
				AAA9774F26F61A18009B60D7 /* Info.plist */,
				AA518F3C26F7373600A13DC3 /* Launch Screen.storyboard */,
				AAA9774C26F61A18009B60D7 /* Preview Content */,
				AA57A8A7270750340005A3B6 /* Localizable.strings */,
			);
			path = CurriculumVitae;
			sourceTree = "<group>";
		};
		AAA9774C26F61A18009B60D7 /* Preview Content */ = {
			isa = PBXGroup;
			children = (
				AAA9774D26F61A18009B60D7 /* Preview Assets.xcassets */,
			);
			path = "Preview Content";
			sourceTree = "<group>";
		};
		AAA9775726F61A18009B60D7 /* CurriculumVitaeTests */ = {
			isa = PBXGroup;
			children = (
				AAA9775826F61A18009B60D7 /* CurriculumVitaeTests.swift */,
				AAA9775A26F61A18009B60D7 /* Info.plist */,
			);
			path = CurriculumVitaeTests;
			sourceTree = "<group>";
		};
		AAA9776226F61A18009B60D7 /* CurriculumVitaeUITests */ = {
			isa = PBXGroup;
			children = (
				AAA9776326F61A18009B60D7 /* CurriculumVitaeUITests.swift */,
				AAA9776526F61A18009B60D7 /* Info.plist */,
			);
			path = CurriculumVitaeUITests;
			sourceTree = "<group>";
		};
		AAA977F526F64116009B60D7 /* Profile */ = {
			isa = PBXGroup;
			children = (
				AAA977F026F640EC009B60D7 /* ProfilePage.swift */,
				AAA977E226F62F43009B60D7 /* ProfileViewModel.swift */,
			);
			path = Profile;
			sourceTree = "<group>";
		};
		AAA977F626F6415E009B60D7 /* Employment */ = {
			isa = PBXGroup;
			children = (
				AAA7407F270B18F300EE5B1D /* EmploymentDetails */,
				AAA977F726F64178009B60D7 /* EmploymentPage.swift */,
				AA33214F2700C42F004EC344 /* EmploymentViewModel.swift */,
			);
			path = Employment;
			sourceTree = "<group>";
		};
		AAA977FF26F641F6009B60D7 /* Skills */ = {
			isa = PBXGroup;
			children = (
				AAA9780026F64203009B60D7 /* SkillsPage.swift */,
				AA18066927D3B1E600D8D916 /* SkillsViewModel.swift */,
			);
			path = Skills;
			sourceTree = "<group>";
		};
/* End PBXGroup section */

/* Begin PBXNativeTarget section */
		AAA9774226F61A0F009B60D7 /* CurriculumVitae */ = {
			isa = PBXNativeTarget;
			buildConfigurationList = AAA9776826F61A18009B60D7 /* Build configuration list for PBXNativeTarget "CurriculumVitae" */;
			buildPhases = (
				AAA9777726F61A6A009B60D7 /* Compile Common Kotlin Code */,
				AA57A8B22709E9E10005A3B6 /* Run swiftlint */,
				AAA9773F26F61A0F009B60D7 /* Sources */,
				AAA9774026F61A0F009B60D7 /* Frameworks */,
				AAA9774126F61A0F009B60D7 /* Resources */,
			);
			buildRules = (
			);
			dependencies = (
			);
			name = CurriculumVitae;
			productName = CurriculumVitae;
			productReference = AAA9774326F61A0F009B60D7 /* CurriculumVitae.app */;
			productType = "com.apple.product-type.application";
		};
		AAA9775326F61A18009B60D7 /* CurriculumVitaeTests */ = {
			isa = PBXNativeTarget;
			buildConfigurationList = AAA9776B26F61A18009B60D7 /* Build configuration list for PBXNativeTarget "CurriculumVitaeTests" */;
			buildPhases = (
				AAA9775026F61A18009B60D7 /* Sources */,
				AAA9775126F61A18009B60D7 /* Frameworks */,
				AAA9775226F61A18009B60D7 /* Resources */,
			);
			buildRules = (
			);
			dependencies = (
				AAA9775626F61A18009B60D7 /* PBXTargetDependency */,
			);
			name = CurriculumVitaeTests;
			productName = CurriculumVitaeTests;
			productReference = AAA9775426F61A18009B60D7 /* CurriculumVitaeTests.xctest */;
			productType = "com.apple.product-type.bundle.unit-test";
		};
		AAA9775E26F61A18009B60D7 /* CurriculumVitaeUITests */ = {
			isa = PBXNativeTarget;
			buildConfigurationList = AAA9776E26F61A18009B60D7 /* Build configuration list for PBXNativeTarget "CurriculumVitaeUITests" */;
			buildPhases = (
				AAA9775B26F61A18009B60D7 /* Sources */,
				AAA9775C26F61A18009B60D7 /* Frameworks */,
				AAA9775D26F61A18009B60D7 /* Resources */,
			);
			buildRules = (
			);
			dependencies = (
				AAA9776126F61A18009B60D7 /* PBXTargetDependency */,
			);
			name = CurriculumVitaeUITests;
			productName = CurriculumVitaeUITests;
			productReference = AAA9775F26F61A18009B60D7 /* CurriculumVitaeUITests.xctest */;
			productType = "com.apple.product-type.bundle.ui-testing";
		};
/* End PBXNativeTarget section */

/* Begin PBXProject section */
		AAA9773B26F61A0F009B60D7 /* Project object */ = {
			isa = PBXProject;
			attributes = {
				LastSwiftUpdateCheck = 1240;
				LastUpgradeCheck = 1310;
				TargetAttributes = {
					AAA9774226F61A0F009B60D7 = {
						CreatedOnToolsVersion = 12.4;
					};
					AAA9775326F61A18009B60D7 = {
						CreatedOnToolsVersion = 12.4;
						TestTargetID = AAA9774226F61A0F009B60D7;
					};
					AAA9775E26F61A18009B60D7 = {
						CreatedOnToolsVersion = 12.4;
						TestTargetID = AAA9774226F61A0F009B60D7;
					};
				};
			};
			buildConfigurationList = AAA9773E26F61A0F009B60D7 /* Build configuration list for PBXProject "CurriculumVitae" */;
			compatibilityVersion = "Xcode 12.0";
			developmentRegion = en;
			hasScannedForEncodings = 0;
			knownRegions = (
				en,
				de,
				Base,
			);
			mainGroup = AAA9773A26F61A0F009B60D7;
			productRefGroup = AAA9774426F61A0F009B60D7 /* Products */;
			projectDirPath = "";
			projectRoot = "";
			targets = (
				AAA9774226F61A0F009B60D7 /* CurriculumVitae */,
				AAA9775326F61A18009B60D7 /* CurriculumVitaeTests */,
				AAA9775E26F61A18009B60D7 /* CurriculumVitaeUITests */,
			);
		};
/* End PBXProject section */

/* Begin PBXResourcesBuildPhase section */
		AAA9774126F61A0F009B60D7 /* Resources */ = {
			isa = PBXResourcesBuildPhase;
			buildActionMask = 2147483647;
			files = (
				AA518F3D26F7373600A13DC3 /* Launch Screen.storyboard in Resources */,
				AA57A8A5270750340005A3B6 /* Localizable.strings in Resources */,
				AAA9774E26F61A18009B60D7 /* Preview Assets.xcassets in Resources */,
				AAA9774B26F61A18009B60D7 /* Assets.xcassets in Resources */,
			);
			runOnlyForDeploymentPostprocessing = 0;
		};
		AAA9775226F61A18009B60D7 /* Resources */ = {
			isa = PBXResourcesBuildPhase;
			buildActionMask = 2147483647;
			files = (
			);
			runOnlyForDeploymentPostprocessing = 0;
		};
		AAA9775D26F61A18009B60D7 /* Resources */ = {
			isa = PBXResourcesBuildPhase;
			buildActionMask = 2147483647;
			files = (
			);
			runOnlyForDeploymentPostprocessing = 0;
		};
/* End PBXResourcesBuildPhase section */

/* Begin PBXShellScriptBuildPhase section */
		AA57A8B22709E9E10005A3B6 /* Run swiftlint */ = {
			isa = PBXShellScriptBuildPhase;
			buildActionMask = 2147483647;
			files = (
			);
			inputFileListPaths = (
			);
			inputPaths = (
			);
			name = "Run swiftlint";
			outputFileListPaths = (
			);
			outputPaths = (
			);
			runOnlyForDeploymentPostprocessing = 0;
			shellPath = /bin/sh;
			shellScript = "command -v swiftlint >/dev/null 2>&1 || { echo \"warning: SwiftLint not installed, download from https://github.com/realm/SwiftLint\"; exit; }\n\nswiftlint\n";
		};
		AAA9777726F61A6A009B60D7 /* Compile Common Kotlin Code */ = {
			isa = PBXShellScriptBuildPhase;
			buildActionMask = 2147483647;
			files = (
			);
			inputFileListPaths = (
			);
			inputPaths = (
			);
			name = "Compile Common Kotlin Code";
			outputFileListPaths = (
			);
			outputPaths = (
			);
			runOnlyForDeploymentPostprocessing = 0;
			shellPath = /bin/sh;
			shellScript = "cd \"$SRCROOT/..\"\n./gradlew :common:embedAndSignAppleFrameworkForXcode\n";
		};
/* End PBXShellScriptBuildPhase section */

/* Begin PBXSourcesBuildPhase section */
		AAA9773F26F61A0F009B60D7 /* Sources */ = {
			isa = PBXSourcesBuildPhase;
			buildActionMask = 2147483647;
			files = (
				AAA977E326F62F43009B60D7 /* ProfileViewModel.swift in Sources */,
				AA6D01D026F7912100C6DC64 /* CurriculumVitaeApp.swift in Sources */,
				AAA9774926F61A0F009B60D7 /* ContentView.swift in Sources */,
				AAA74081270B191700EE5B1D /* EmploymentDetailsPage.swift in Sources */,
				AAA977F826F64178009B60D7 /* EmploymentPage.swift in Sources */,
				AAA9780926F64880009B60D7 /* InfoPage.swift in Sources */,
				AAA9780126F64203009B60D7 /* SkillsPage.swift in Sources */,
				AA3321502700C42F004EC344 /* EmploymentViewModel.swift in Sources */,
				AA57A8AF270888140005A3B6 /* AppDelegate.swift in Sources */,
				AAA977F126F640EC009B60D7 /* ProfilePage.swift in Sources */,
				AAA74083270B273800EE5B1D /* ErrorView.swift in Sources */,
				AA18066A27D3B1E600D8D916 /* SkillsViewModel.swift in Sources */,
				AA57A8B1270892C90005A3B6 /* DebugView.swift in Sources */,
			);
			runOnlyForDeploymentPostprocessing = 0;
		};
		AAA9775026F61A18009B60D7 /* Sources */ = {
			isa = PBXSourcesBuildPhase;
			buildActionMask = 2147483647;
			files = (
				AAA9775926F61A18009B60D7 /* CurriculumVitaeTests.swift in Sources */,
			);
			runOnlyForDeploymentPostprocessing = 0;
		};
		AAA9775B26F61A18009B60D7 /* Sources */ = {
			isa = PBXSourcesBuildPhase;
			buildActionMask = 2147483647;
			files = (
				AAA9776426F61A18009B60D7 /* CurriculumVitaeUITests.swift in Sources */,
			);
			runOnlyForDeploymentPostprocessing = 0;
		};
/* End PBXSourcesBuildPhase section */

/* Begin PBXTargetDependency section */
		AAA9775626F61A18009B60D7 /* PBXTargetDependency */ = {
			isa = PBXTargetDependency;
			target = AAA9774226F61A0F009B60D7 /* CurriculumVitae */;
			targetProxy = AAA9775526F61A18009B60D7 /* PBXContainerItemProxy */;
		};
		AAA9776126F61A18009B60D7 /* PBXTargetDependency */ = {
			isa = PBXTargetDependency;
			target = AAA9774226F61A0F009B60D7 /* CurriculumVitae */;
			targetProxy = AAA9776026F61A18009B60D7 /* PBXContainerItemProxy */;
		};
/* End PBXTargetDependency section */

/* Begin PBXVariantGroup section */
		AA57A8A7270750340005A3B6 /* Localizable.strings */ = {
			isa = PBXVariantGroup;
			children = (
				AA57A8A6270750340005A3B6 /* de */,
				AA57A8AA270752D60005A3B6 /* Base */,
			);
			name = Localizable.strings;
			sourceTree = "<group>";
		};
/* End PBXVariantGroup section */

/* Begin XCBuildConfiguration section */
		AAA9776626F61A18009B60D7 /* Debug */ = {
			isa = XCBuildConfiguration;
			buildSettings = {
				ALWAYS_SEARCH_USER_PATHS = NO;
				CLANG_ANALYZER_LOCALIZABILITY_NONLOCALIZED = YES;
				CLANG_ANALYZER_NONNULL = YES;
				CLANG_ANALYZER_NUMBER_OBJECT_CONVERSION = YES_AGGRESSIVE;
				CLANG_CXX_LANGUAGE_STANDARD = "gnu++14";
				CLANG_CXX_LIBRARY = "libc++";
				CLANG_ENABLE_MODULES = YES;
				CLANG_ENABLE_OBJC_ARC = YES;
				CLANG_ENABLE_OBJC_WEAK = YES;
				CLANG_WARN_BLOCK_CAPTURE_AUTORELEASING = YES;
				CLANG_WARN_BOOL_CONVERSION = YES;
				CLANG_WARN_COMMA = YES;
				CLANG_WARN_CONSTANT_CONVERSION = YES;
				CLANG_WARN_DEPRECATED_OBJC_IMPLEMENTATIONS = YES;
				CLANG_WARN_DIRECT_OBJC_ISA_USAGE = YES_ERROR;
				CLANG_WARN_DOCUMENTATION_COMMENTS = YES;
				CLANG_WARN_EMPTY_BODY = YES;
				CLANG_WARN_ENUM_CONVERSION = YES;
				CLANG_WARN_INFINITE_RECURSION = YES;
				CLANG_WARN_INT_CONVERSION = YES;
				CLANG_WARN_NON_LITERAL_NULL_CONVERSION = YES;
				CLANG_WARN_OBJC_IMPLICIT_RETAIN_SELF = YES;
				CLANG_WARN_OBJC_LITERAL_CONVERSION = YES;
				CLANG_WARN_OBJC_ROOT_CLASS = YES_ERROR;
				CLANG_WARN_QUOTED_INCLUDE_IN_FRAMEWORK_HEADER = YES;
				CLANG_WARN_RANGE_LOOP_ANALYSIS = YES;
				CLANG_WARN_STRICT_PROTOTYPES = YES;
				CLANG_WARN_SUSPICIOUS_MOVE = YES;
				CLANG_WARN_UNGUARDED_AVAILABILITY = YES_AGGRESSIVE;
				CLANG_WARN_UNREACHABLE_CODE = YES;
				CLANG_WARN__DUPLICATE_METHOD_MATCH = YES;
				COPY_PHASE_STRIP = NO;
				DEBUG_INFORMATION_FORMAT = dwarf;
				ENABLE_STRICT_OBJC_MSGSEND = YES;
				ENABLE_TESTABILITY = YES;
				GCC_C_LANGUAGE_STANDARD = gnu11;
				GCC_DYNAMIC_NO_PIC = NO;
				GCC_NO_COMMON_BLOCKS = YES;
				GCC_OPTIMIZATION_LEVEL = 0;
				GCC_PREPROCESSOR_DEFINITIONS = (
					"DEBUG=1",
					"$(inherited)",
				);
				GCC_WARN_64_TO_32_BIT_CONVERSION = YES;
				GCC_WARN_ABOUT_RETURN_TYPE = YES_ERROR;
				GCC_WARN_UNDECLARED_SELECTOR = YES;
				GCC_WARN_UNINITIALIZED_AUTOS = YES_AGGRESSIVE;
				GCC_WARN_UNUSED_FUNCTION = YES;
				GCC_WARN_UNUSED_VARIABLE = YES;
				IPHONEOS_DEPLOYMENT_TARGET = 14.4;
				MTL_ENABLE_DEBUG_INFO = INCLUDE_SOURCE;
				MTL_FAST_MATH = YES;
				ONLY_ACTIVE_ARCH = YES;
				SDKROOT = iphoneos;
				SWIFT_ACTIVE_COMPILATION_CONDITIONS = DEBUG;
				SWIFT_OPTIMIZATION_LEVEL = "-Onone";
			};
			name = Debug;
		};
		AAA9776726F61A18009B60D7 /* Release */ = {
			isa = XCBuildConfiguration;
			buildSettings = {
				ALWAYS_SEARCH_USER_PATHS = NO;
				CLANG_ANALYZER_LOCALIZABILITY_NONLOCALIZED = YES;
				CLANG_ANALYZER_NONNULL = YES;
				CLANG_ANALYZER_NUMBER_OBJECT_CONVERSION = YES_AGGRESSIVE;
				CLANG_CXX_LANGUAGE_STANDARD = "gnu++14";
				CLANG_CXX_LIBRARY = "libc++";
				CLANG_ENABLE_MODULES = YES;
				CLANG_ENABLE_OBJC_ARC = YES;
				CLANG_ENABLE_OBJC_WEAK = YES;
				CLANG_WARN_BLOCK_CAPTURE_AUTORELEASING = YES;
				CLANG_WARN_BOOL_CONVERSION = YES;
				CLANG_WARN_COMMA = YES;
				CLANG_WARN_CONSTANT_CONVERSION = YES;
				CLANG_WARN_DEPRECATED_OBJC_IMPLEMENTATIONS = YES;
				CLANG_WARN_DIRECT_OBJC_ISA_USAGE = YES_ERROR;
				CLANG_WARN_DOCUMENTATION_COMMENTS = YES;
				CLANG_WARN_EMPTY_BODY = YES;
				CLANG_WARN_ENUM_CONVERSION = YES;
				CLANG_WARN_INFINITE_RECURSION = YES;
				CLANG_WARN_INT_CONVERSION = YES;
				CLANG_WARN_NON_LITERAL_NULL_CONVERSION = YES;
				CLANG_WARN_OBJC_IMPLICIT_RETAIN_SELF = YES;
				CLANG_WARN_OBJC_LITERAL_CONVERSION = YES;
				CLANG_WARN_OBJC_ROOT_CLASS = YES_ERROR;
				CLANG_WARN_QUOTED_INCLUDE_IN_FRAMEWORK_HEADER = YES;
				CLANG_WARN_RANGE_LOOP_ANALYSIS = YES;
				CLANG_WARN_STRICT_PROTOTYPES = YES;
				CLANG_WARN_SUSPICIOUS_MOVE = YES;
				CLANG_WARN_UNGUARDED_AVAILABILITY = YES_AGGRESSIVE;
				CLANG_WARN_UNREACHABLE_CODE = YES;
				CLANG_WARN__DUPLICATE_METHOD_MATCH = YES;
				COPY_PHASE_STRIP = NO;
				DEBUG_INFORMATION_FORMAT = "dwarf-with-dsym";
				ENABLE_NS_ASSERTIONS = NO;
				ENABLE_STRICT_OBJC_MSGSEND = YES;
				GCC_C_LANGUAGE_STANDARD = gnu11;
				GCC_NO_COMMON_BLOCKS = YES;
				GCC_WARN_64_TO_32_BIT_CONVERSION = YES;
				GCC_WARN_ABOUT_RETURN_TYPE = YES_ERROR;
				GCC_WARN_UNDECLARED_SELECTOR = YES;
				GCC_WARN_UNINITIALIZED_AUTOS = YES_AGGRESSIVE;
				GCC_WARN_UNUSED_FUNCTION = YES;
				GCC_WARN_UNUSED_VARIABLE = YES;
				IPHONEOS_DEPLOYMENT_TARGET = 14.4;
				MTL_ENABLE_DEBUG_INFO = NO;
				MTL_FAST_MATH = YES;
				SDKROOT = iphoneos;
				SWIFT_COMPILATION_MODE = wholemodule;
				SWIFT_OPTIMIZATION_LEVEL = "-O";
				VALIDATE_PRODUCT = YES;
			};
			name = Release;
		};
		AAA9776926F61A18009B60D7 /* Debug */ = {
			isa = XCBuildConfiguration;
			buildSettings = {
				ASSETCATALOG_COMPILER_APPICON_NAME = AppIcon;
				ASSETCATALOG_COMPILER_GLOBAL_ACCENT_COLOR_NAME = AccentColor;
				CODE_SIGN_STYLE = Automatic;
				CURRENT_PROJECT_VERSION = 1;
				DEVELOPMENT_ASSET_PATHS = "\"CurriculumVitae/Preview Content\"";
				DEVELOPMENT_TEAM = WSQ8Z2WVZQ;
				ENABLE_PREVIEWS = YES;
				FRAMEWORK_SEARCH_PATHS = "$(SRCROOT)/../common/build/xcode-frameworks/$(CONFIGURATION)/$(SDK_NAME)";
				INFOPLIST_FILE = CurriculumVitae/Info.plist;
				IPHONEOS_DEPLOYMENT_TARGET = 15.0;
				LD_RUNPATH_SEARCH_PATHS = (
					"$(inherited)",
					"@executable_path/Frameworks",
				);
				MARKETING_VERSION = 1.0;
				OTHER_LDFLAGS = (
					"$(inherited)",
					"-framework",
					common,
				);
				PRODUCT_BUNDLE_IDENTIFIER = com.cmgapps.ios.CurriculumVitae;
				PRODUCT_NAME = "$(TARGET_NAME)";
				SWIFT_VERSION = 5.0;
				TARGETED_DEVICE_FAMILY = 1;
			};
			name = Debug;
		};
		AAA9776A26F61A18009B60D7 /* Release */ = {
			isa = XCBuildConfiguration;
			buildSettings = {
				ASSETCATALOG_COMPILER_APPICON_NAME = AppIcon;
				ASSETCATALOG_COMPILER_GLOBAL_ACCENT_COLOR_NAME = AccentColor;
				CODE_SIGN_STYLE = Automatic;
				CURRENT_PROJECT_VERSION = 1;
				DEVELOPMENT_ASSET_PATHS = "\"CurriculumVitae/Preview Content\"";
				DEVELOPMENT_TEAM = WSQ8Z2WVZQ;
				ENABLE_PREVIEWS = YES;
				FRAMEWORK_SEARCH_PATHS = "$(SRCROOT)/../common/build/xcode-frameworks/$(CONFIGURATION)/$(SDK_NAME)";
				INFOPLIST_FILE = CurriculumVitae/Info.plist;
				IPHONEOS_DEPLOYMENT_TARGET = 15.0;
				LD_RUNPATH_SEARCH_PATHS = (
					"$(inherited)",
					"@executable_path/Frameworks",
				);
				MARKETING_VERSION = 1.0;
				OTHER_LDFLAGS = (
					"$(inherited)",
					"-framework",
					common,
				);
				PRODUCT_BUNDLE_IDENTIFIER = com.cmgapps.ios.CurriculumVitae;
				PRODUCT_NAME = "$(TARGET_NAME)";
				SWIFT_VERSION = 5.0;
				TARGETED_DEVICE_FAMILY = 1;
			};
			name = Release;
		};
		AAA9776C26F61A18009B60D7 /* Debug */ = {
			isa = XCBuildConfiguration;
			buildSettings = {
				ALWAYS_EMBED_SWIFT_STANDARD_LIBRARIES = YES;
				BUNDLE_LOADER = "$(TEST_HOST)";
				CODE_SIGN_STYLE = Automatic;
				DEVELOPMENT_TEAM = WSQ8Z2WVZQ;
				INFOPLIST_FILE = CurriculumVitaeTests/Info.plist;
				IPHONEOS_DEPLOYMENT_TARGET = 14.0;
				LD_RUNPATH_SEARCH_PATHS = (
					"$(inherited)",
					"@executable_path/Frameworks",
					"@loader_path/Frameworks",
				);
				PRODUCT_BUNDLE_IDENTIFIER = com.cmgapps.ios.CurriculumVitaeTests;
				PRODUCT_NAME = "$(TARGET_NAME)";
				SWIFT_VERSION = 5.0;
				TARGETED_DEVICE_FAMILY = "1,2";
				TEST_HOST = "$(BUILT_PRODUCTS_DIR)/CurriculumVitae.app/CurriculumVitae";
			};
			name = Debug;
		};
		AAA9776D26F61A18009B60D7 /* Release */ = {
			isa = XCBuildConfiguration;
			buildSettings = {
				ALWAYS_EMBED_SWIFT_STANDARD_LIBRARIES = YES;
				BUNDLE_LOADER = "$(TEST_HOST)";
				CODE_SIGN_STYLE = Automatic;
				DEVELOPMENT_TEAM = WSQ8Z2WVZQ;
				INFOPLIST_FILE = CurriculumVitaeTests/Info.plist;
				IPHONEOS_DEPLOYMENT_TARGET = 14.0;
				LD_RUNPATH_SEARCH_PATHS = (
					"$(inherited)",
					"@executable_path/Frameworks",
					"@loader_path/Frameworks",
				);
				PRODUCT_BUNDLE_IDENTIFIER = com.cmgapps.ios.CurriculumVitaeTests;
				PRODUCT_NAME = "$(TARGET_NAME)";
				SWIFT_VERSION = 5.0;
				TARGETED_DEVICE_FAMILY = "1,2";
				TEST_HOST = "$(BUILT_PRODUCTS_DIR)/CurriculumVitae.app/CurriculumVitae";
			};
			name = Release;
		};
		AAA9776F26F61A18009B60D7 /* Debug */ = {
			isa = XCBuildConfiguration;
			buildSettings = {
				ALWAYS_EMBED_SWIFT_STANDARD_LIBRARIES = YES;
				CODE_SIGN_STYLE = Automatic;
				DEVELOPMENT_TEAM = WSQ8Z2WVZQ;
				INFOPLIST_FILE = CurriculumVitaeUITests/Info.plist;
				LD_RUNPATH_SEARCH_PATHS = (
					"$(inherited)",
					"@executable_path/Frameworks",
					"@loader_path/Frameworks",
				);
				PRODUCT_BUNDLE_IDENTIFIER = com.cmgapps.ios.CurriculumVitaeUITests;
				PRODUCT_NAME = "$(TARGET_NAME)";
				SWIFT_VERSION = 5.0;
				TARGETED_DEVICE_FAMILY = "1,2";
				TEST_TARGET_NAME = CurriculumVitae;
			};
			name = Debug;
		};
		AAA9777026F61A18009B60D7 /* Release */ = {
			isa = XCBuildConfiguration;
			buildSettings = {
				ALWAYS_EMBED_SWIFT_STANDARD_LIBRARIES = YES;
				CODE_SIGN_STYLE = Automatic;
				DEVELOPMENT_TEAM = WSQ8Z2WVZQ;
				INFOPLIST_FILE = CurriculumVitaeUITests/Info.plist;
				LD_RUNPATH_SEARCH_PATHS = (
					"$(inherited)",
					"@executable_path/Frameworks",
					"@loader_path/Frameworks",
				);
				PRODUCT_BUNDLE_IDENTIFIER = com.cmgapps.ios.CurriculumVitaeUITests;
				PRODUCT_NAME = "$(TARGET_NAME)";
				SWIFT_VERSION = 5.0;
				TARGETED_DEVICE_FAMILY = "1,2";
				TEST_TARGET_NAME = CurriculumVitae;
			};
			name = Release;
		};
/* End XCBuildConfiguration section */

/* Begin XCConfigurationList section */
		AAA9773E26F61A0F009B60D7 /* Build configuration list for PBXProject "CurriculumVitae" */ = {
			isa = XCConfigurationList;
			buildConfigurations = (
				AAA9776626F61A18009B60D7 /* Debug */,
				AAA9776726F61A18009B60D7 /* Release */,
			);
			defaultConfigurationIsVisible = 0;
			defaultConfigurationName = Release;
		};
		AAA9776826F61A18009B60D7 /* Build configuration list for PBXNativeTarget "CurriculumVitae" */ = {
			isa = XCConfigurationList;
			buildConfigurations = (
				AAA9776926F61A18009B60D7 /* Debug */,
				AAA9776A26F61A18009B60D7 /* Release */,
			);
			defaultConfigurationIsVisible = 0;
			defaultConfigurationName = Release;
		};
		AAA9776B26F61A18009B60D7 /* Build configuration list for PBXNativeTarget "CurriculumVitaeTests" */ = {
			isa = XCConfigurationList;
			buildConfigurations = (
				AAA9776C26F61A18009B60D7 /* Debug */,
				AAA9776D26F61A18009B60D7 /* Release */,
			);
			defaultConfigurationIsVisible = 0;
			defaultConfigurationName = Release;
		};
		AAA9776E26F61A18009B60D7 /* Build configuration list for PBXNativeTarget "CurriculumVitaeUITests" */ = {
			isa = XCConfigurationList;
			buildConfigurations = (
				AAA9776F26F61A18009B60D7 /* Debug */,
				AAA9777026F61A18009B60D7 /* Release */,
			);
			defaultConfigurationIsVisible = 0;
			defaultConfigurationName = Release;
		};
/* End XCConfigurationList section */
	};
	rootObject = AAA9773B26F61A0F009B60D7 /* Project object */;
}
